// !$*UTF8*$!
{
	archiveVersion = 1;
	classes = {
	};
	objectVersion = 56;
	objects = {

/* Begin PBXBuildFile section */
		58C19EA52A506751004C36FE /* JiraController.swift in Sources */ = {isa = PBXBuildFile; fileRef = 58C19EA42A506751004C36FE /* JiraController.swift */; };
		58C19EA72A506868004C36FE /* JiraCardDetail.swift in Sources */ = {isa = PBXBuildFile; fileRef = 58C19EA62A506868004C36FE /* JiraCardDetail.swift */; };
		58E25C352A50186C00CAA3C4 /* MyMenuButton.swift in Sources */ = {isa = PBXBuildFile; fileRef = 58E25C342A50186C00CAA3C4 /* MyMenuButton.swift */; };
		58E25C372A501BC900CAA3C4 /* PreferenceButton.swift in Sources */ = {isa = PBXBuildFile; fileRef = 58E25C362A501BC900CAA3C4 /* PreferenceButton.swift */; };
		58E25C392A501BFD00CAA3C4 /* PreferenceView.swift in Sources */ = {isa = PBXBuildFile; fileRef = 58E25C382A501BFD00CAA3C4 /* PreferenceView.swift */; };
		58E25C3B2A50474C00CAA3C4 /* PreferenceController.swift in Sources */ = {isa = PBXBuildFile; fileRef = 58E25C3A2A50474C00CAA3C4 /* PreferenceController.swift */; };
		58E25C3D2A50478100CAA3C4 /* UserPreference.swift in Sources */ = {isa = PBXBuildFile; fileRef = 58E25C3C2A50478100CAA3C4 /* UserPreference.swift */; };
		58E25C402A50484100CAA3C4 /* CodableUtil.swift in Sources */ = {isa = PBXBuildFile; fileRef = 58E25C3F2A50484100CAA3C4 /* CodableUtil.swift */; };
		58E25C422A504E3C00CAA3C4 /* JiraAuthenticationView.swift in Sources */ = {isa = PBXBuildFile; fileRef = 58E25C412A504E3C00CAA3C4 /* JiraAuthenticationView.swift */; };
		58E25C442A5056AE00CAA3C4 /* String+extension.swift in Sources */ = {isa = PBXBuildFile; fileRef = 58E25C432A5056AE00CAA3C4 /* String+extension.swift */; };
		B20A6D732A4DF5EA00DCC582 /* UserDefaultsController.swift in Sources */ = {isa = PBXBuildFile; fileRef = B20A6D722A4DF5EA00DCC582 /* UserDefaultsController.swift */; };
		B20A6D752A4E0F6D00DCC582 /* TaskItem.swift in Sources */ = {isa = PBXBuildFile; fileRef = B20A6D742A4E0F6D00DCC582 /* TaskItem.swift */; };
		B20A6D772A4E12E400DCC582 /* TaskDetailView.swift in Sources */ = {isa = PBXBuildFile; fileRef = B20A6D762A4E12E400DCC582 /* TaskDetailView.swift */; };
		B222F4422A509DA100EFDB87 /* MarkdownUI in Frameworks */ = {isa = PBXBuildFile; productRef = B222F4412A509DA100EFDB87 /* MarkdownUI */; };
		B222F4442A50A58200EFDB87 /* JiraTransition.swift in Sources */ = {isa = PBXBuildFile; fileRef = B222F4432A50A58200EFDB87 /* JiraTransition.swift */; };
		B22B4A1A2A4E1CDC002F205D /* ClearButton.swift in Sources */ = {isa = PBXBuildFile; fileRef = B22B4A192A4E1CDC002F205D /* ClearButton.swift */; };
		B22B4A1C2A4E9269002F205D /* MyNavigationController.swift in Sources */ = {isa = PBXBuildFile; fileRef = B22B4A1B2A4E9269002F205D /* MyNavigationController.swift */; };
		B22B4A1F2A4EB60E002F205D /* MyNavigationBar.swift in Sources */ = {isa = PBXBuildFile; fileRef = B22B4A1E2A4EB60E002F205D /* MyNavigationBar.swift */; };
		B22B4A212A4EBD2B002F205D /* NotificationController.swift in Sources */ = {isa = PBXBuildFile; fileRef = B22B4A202A4EBD2B002F205D /* NotificationController.swift */; };
		B22B4A252A4F16AE002F205D /* AppDelegate.swift in Sources */ = {isa = PBXBuildFile; fileRef = B22B4A242A4F16AE002F205D /* AppDelegate.swift */; };
		B22B4A272A4F2858002F205D /* QuitButton.swift in Sources */ = {isa = PBXBuildFile; fileRef = B22B4A262A4F2858002F205D /* QuitButton.swift */; };
		B23622682A5441CB005ECEC7 /* TaskComment.swift in Sources */ = {isa = PBXBuildFile; fileRef = B23622672A5441CB005ECEC7 /* TaskComment.swift */; };
		B23B3B4F2A51E72900CEF418 /* Constants.swift in Sources */ = {isa = PBXBuildFile; fileRef = B23B3B4E2A51E72900CEF418 /* Constants.swift */; };
		B23B3B512A51E7A500CEF418 /* MyToast.swift in Sources */ = {isa = PBXBuildFile; fileRef = B23B3B502A51E7A500CEF418 /* MyToast.swift */; };
		B23B3B532A51EA2200CEF418 /* Color+extension.swift in Sources */ = {isa = PBXBuildFile; fileRef = B23B3B522A51EA2200CEF418 /* Color+extension.swift */; };
		B23F96122A4DC80300394187 /* Simple_TodoApp.swift in Sources */ = {isa = PBXBuildFile; fileRef = B23F96112A4DC80300394187 /* Simple_TodoApp.swift */; };
		B23F96182A4DC80400394187 /* Assets.xcassets in Resources */ = {isa = PBXBuildFile; fileRef = B23F96172A4DC80400394187 /* Assets.xcassets */; };
		B23F961B2A4DC80400394187 /* Preview Assets.xcassets in Resources */ = {isa = PBXBuildFile; fileRef = B23F961A2A4DC80400394187 /* Preview Assets.xcassets */; };
		B23F96272A4DC80400394187 /* Simple_TodoTests.swift in Sources */ = {isa = PBXBuildFile; fileRef = B23F96262A4DC80400394187 /* Simple_TodoTests.swift */; };
		B23F96312A4DC80400394187 /* Simple_TodoUITests.swift in Sources */ = {isa = PBXBuildFile; fileRef = B23F96302A4DC80400394187 /* Simple_TodoUITests.swift */; };
		B23F96332A4DC80400394187 /* Simple_TodoUITestsLaunchTests.swift in Sources */ = {isa = PBXBuildFile; fileRef = B23F96322A4DC80400394187 /* Simple_TodoUITestsLaunchTests.swift */; };
		B23F96402A4DCA0300394187 /* MainMenuView.swift in Sources */ = {isa = PBXBuildFile; fileRef = B23F963F2A4DCA0300394187 /* MainMenuView.swift */; };
		B23F96432A4DCEAB00394187 /* StatusMenuView.swift in Sources */ = {isa = PBXBuildFile; fileRef = B23F96422A4DCEAB00394187 /* StatusMenuView.swift */; };
		B23F96452A4DD2AE00394187 /* NewTaskView.swift in Sources */ = {isa = PBXBuildFile; fileRef = B23F96442A4DD2AE00394187 /* NewTaskView.swift */; };
		B23F964A2A4DE50000394187 /* NewTaskButton.swift in Sources */ = {isa = PBXBuildFile; fileRef = B23F96492A4DE50000394187 /* NewTaskButton.swift */; };
		B23F964C2A4DE8B400394187 /* TaskList.swift in Sources */ = {isa = PBXBuildFile; fileRef = B23F964B2A4DE8B400394187 /* TaskList.swift */; };
		B23F964F2A4DE99100394187 /* TaskModel.swift in Sources */ = {isa = PBXBuildFile; fileRef = B23F964E2A4DE99100394187 /* TaskModel.swift */; };
		B24FBD922A534A8400D4D4E5 /* IssueTrackerButton.swift in Sources */ = {isa = PBXBuildFile; fileRef = B24FBD912A534A8400D4D4E5 /* IssueTrackerButton.swift */; };
		B24FBD942A534C5D00D4D4E5 /* IssueTrackerListView.swift in Sources */ = {isa = PBXBuildFile; fileRef = B24FBD932A534C5D00D4D4E5 /* IssueTrackerListView.swift */; };
		B28E5C7E2A4FE6C600456FBC /* BackgroundTaskController.swift in Sources */ = {isa = PBXBuildFile; fileRef = B28E5C7D2A4FE6C600456FBC /* BackgroundTaskController.swift */; };
		B28E5C802A4FF4C600456FBC /* DeleteAllDoneButton.swift in Sources */ = {isa = PBXBuildFile; fileRef = B28E5C7F2A4FF4C600456FBC /* DeleteAllDoneButton.swift */; };
		B29724052A595BEC00401655 /* CommentEditorView.swift in Sources */ = {isa = PBXBuildFile; fileRef = B29724042A595BEC00401655 /* CommentEditorView.swift */; };
		B29724072A59664600401655 /* CommentBody.swift in Sources */ = {isa = PBXBuildFile; fileRef = B29724062A59664600401655 /* CommentBody.swift */; };
		B2A004DB2A53282A00A2A690 /* PreferenceKeys.swift in Sources */ = {isa = PBXBuildFile; fileRef = B2A004DA2A53282A00A2A690 /* PreferenceKeys.swift */; };
		B2B824502A58B5DF0096F943 /* IssueCommentView.swift in Sources */ = {isa = PBXBuildFile; fileRef = B2B8244F2A58B5DF0096F943 /* IssueCommentView.swift */; };
		B2B824522A58B6110096F943 /* AccountDetail.swift in Sources */ = {isa = PBXBuildFile; fileRef = B2B824512A58B6110096F943 /* AccountDetail.swift */; };
		B2BD6E022A62F2C40082CE73 /* AboutView.swift in Sources */ = {isa = PBXBuildFile; fileRef = B2BD6E012A62F2C40082CE73 /* AboutView.swift */; };
		B2BD6E042A62F4E90082CE73 /* Bundle+extension.swift in Sources */ = {isa = PBXBuildFile; fileRef = B2BD6E032A62F4E90082CE73 /* Bundle+extension.swift */; };
		B2C389782A5A8AD50096C79F /* MySelf.swift in Sources */ = {isa = PBXBuildFile; fileRef = B2C389772A5A8AD50096C79F /* MySelf.swift */; };
/* End PBXBuildFile section */

/* Begin PBXContainerItemProxy section */
		B23F96232A4DC80400394187 /* PBXContainerItemProxy */ = {
			isa = PBXContainerItemProxy;
			containerPortal = B23F96062A4DC80300394187 /* Project object */;
			proxyType = 1;
			remoteGlobalIDString = B23F960D2A4DC80300394187;
			remoteInfo = "Simple Todo";
		};
		B23F962D2A4DC80400394187 /* PBXContainerItemProxy */ = {
			isa = PBXContainerItemProxy;
			containerPortal = B23F96062A4DC80300394187 /* Project object */;
			proxyType = 1;
			remoteGlobalIDString = B23F960D2A4DC80300394187;
			remoteInfo = "Simple Todo";
		};
/* End PBXContainerItemProxy section */

/* Begin PBXCopyFilesBuildPhase section */
		B23622792A544C1C005ECEC7 /* Embed ExtensionKit Extensions */ = {
			isa = PBXCopyFilesBuildPhase;
			buildActionMask = 2147483647;
			dstPath = "$(EXTENSIONS_FOLDER_PATH)";
			dstSubfolderSpec = 16;
			files = (
			);
			name = "Embed ExtensionKit Extensions";
			runOnlyForDeploymentPostprocessing = 0;
		};
/* End PBXCopyFilesBuildPhase section */

/* Begin PBXFileReference section */
		58C19EA42A506751004C36FE /* JiraController.swift */ = {isa = PBXFileReference; lastKnownFileType = sourcecode.swift; path = JiraController.swift; sourceTree = "<group>"; };
		58C19EA62A506868004C36FE /* JiraCardDetail.swift */ = {isa = PBXFileReference; lastKnownFileType = sourcecode.swift; path = JiraCardDetail.swift; sourceTree = "<group>"; };
		58E25C342A50186C00CAA3C4 /* MyMenuButton.swift */ = {isa = PBXFileReference; lastKnownFileType = sourcecode.swift; path = MyMenuButton.swift; sourceTree = "<group>"; };
		58E25C362A501BC900CAA3C4 /* PreferenceButton.swift */ = {isa = PBXFileReference; lastKnownFileType = sourcecode.swift; path = PreferenceButton.swift; sourceTree = "<group>"; };
		58E25C382A501BFD00CAA3C4 /* PreferenceView.swift */ = {isa = PBXFileReference; lastKnownFileType = sourcecode.swift; path = PreferenceView.swift; sourceTree = "<group>"; };
		58E25C3A2A50474C00CAA3C4 /* PreferenceController.swift */ = {isa = PBXFileReference; lastKnownFileType = sourcecode.swift; path = PreferenceController.swift; sourceTree = "<group>"; };
		58E25C3C2A50478100CAA3C4 /* UserPreference.swift */ = {isa = PBXFileReference; lastKnownFileType = sourcecode.swift; path = UserPreference.swift; sourceTree = "<group>"; };
		58E25C3F2A50484100CAA3C4 /* CodableUtil.swift */ = {isa = PBXFileReference; lastKnownFileType = sourcecode.swift; path = CodableUtil.swift; sourceTree = "<group>"; };
		58E25C412A504E3C00CAA3C4 /* JiraAuthenticationView.swift */ = {isa = PBXFileReference; lastKnownFileType = sourcecode.swift; path = JiraAuthenticationView.swift; sourceTree = "<group>"; };
		58E25C432A5056AE00CAA3C4 /* String+extension.swift */ = {isa = PBXFileReference; lastKnownFileType = sourcecode.swift; path = "String+extension.swift"; sourceTree = "<group>"; };
		B20A6D722A4DF5EA00DCC582 /* UserDefaultsController.swift */ = {isa = PBXFileReference; lastKnownFileType = sourcecode.swift; path = UserDefaultsController.swift; sourceTree = "<group>"; };
		B20A6D742A4E0F6D00DCC582 /* TaskItem.swift */ = {isa = PBXFileReference; lastKnownFileType = sourcecode.swift; path = TaskItem.swift; sourceTree = "<group>"; };
		B20A6D762A4E12E400DCC582 /* TaskDetailView.swift */ = {isa = PBXFileReference; lastKnownFileType = sourcecode.swift; path = TaskDetailView.swift; sourceTree = "<group>"; };
		B222F4432A50A58200EFDB87 /* JiraTransition.swift */ = {isa = PBXFileReference; lastKnownFileType = sourcecode.swift; path = JiraTransition.swift; sourceTree = "<group>"; };
		B22B4A192A4E1CDC002F205D /* ClearButton.swift */ = {isa = PBXFileReference; lastKnownFileType = sourcecode.swift; path = ClearButton.swift; sourceTree = "<group>"; };
		B22B4A1B2A4E9269002F205D /* MyNavigationController.swift */ = {isa = PBXFileReference; lastKnownFileType = sourcecode.swift; path = MyNavigationController.swift; sourceTree = "<group>"; };
		B22B4A1E2A4EB60E002F205D /* MyNavigationBar.swift */ = {isa = PBXFileReference; lastKnownFileType = sourcecode.swift; path = MyNavigationBar.swift; sourceTree = "<group>"; };
		B22B4A202A4EBD2B002F205D /* NotificationController.swift */ = {isa = PBXFileReference; lastKnownFileType = sourcecode.swift; path = NotificationController.swift; sourceTree = "<group>"; };
		B22B4A242A4F16AE002F205D /* AppDelegate.swift */ = {isa = PBXFileReference; lastKnownFileType = sourcecode.swift; path = AppDelegate.swift; sourceTree = "<group>"; };
		B22B4A262A4F2858002F205D /* QuitButton.swift */ = {isa = PBXFileReference; lastKnownFileType = sourcecode.swift; path = QuitButton.swift; sourceTree = "<group>"; };
		B23622672A5441CB005ECEC7 /* TaskComment.swift */ = {isa = PBXFileReference; lastKnownFileType = sourcecode.swift; path = TaskComment.swift; sourceTree = "<group>"; };
		B23B3B4E2A51E72900CEF418 /* Constants.swift */ = {isa = PBXFileReference; lastKnownFileType = sourcecode.swift; path = Constants.swift; sourceTree = "<group>"; };
		B23B3B502A51E7A500CEF418 /* MyToast.swift */ = {isa = PBXFileReference; lastKnownFileType = sourcecode.swift; path = MyToast.swift; sourceTree = "<group>"; };
		B23B3B522A51EA2200CEF418 /* Color+extension.swift */ = {isa = PBXFileReference; lastKnownFileType = sourcecode.swift; path = "Color+extension.swift"; sourceTree = "<group>"; };
		B23F960E2A4DC80300394187 /* Simple Todo Bar.app */ = {isa = PBXFileReference; explicitFileType = wrapper.application; includeInIndex = 0; path = "Simple Todo Bar.app"; sourceTree = BUILT_PRODUCTS_DIR; };
		B23F96112A4DC80300394187 /* Simple_TodoApp.swift */ = {isa = PBXFileReference; lastKnownFileType = sourcecode.swift; path = Simple_TodoApp.swift; sourceTree = "<group>"; };
		B23F96172A4DC80400394187 /* Assets.xcassets */ = {isa = PBXFileReference; lastKnownFileType = folder.assetcatalog; path = Assets.xcassets; sourceTree = "<group>"; };
		B23F961A2A4DC80400394187 /* Preview Assets.xcassets */ = {isa = PBXFileReference; lastKnownFileType = folder.assetcatalog; path = "Preview Assets.xcassets"; sourceTree = "<group>"; };
		B23F961C2A4DC80400394187 /* Info.plist */ = {isa = PBXFileReference; lastKnownFileType = text.plist.xml; path = Info.plist; sourceTree = "<group>"; };
		B23F961D2A4DC80400394187 /* Simple_Todo.entitlements */ = {isa = PBXFileReference; lastKnownFileType = text.plist.entitlements; path = Simple_Todo.entitlements; sourceTree = "<group>"; };
		B23F96222A4DC80400394187 /* Simple TodoTests.xctest */ = {isa = PBXFileReference; explicitFileType = wrapper.cfbundle; includeInIndex = 0; path = "Simple TodoTests.xctest"; sourceTree = BUILT_PRODUCTS_DIR; };
		B23F96262A4DC80400394187 /* Simple_TodoTests.swift */ = {isa = PBXFileReference; lastKnownFileType = sourcecode.swift; path = Simple_TodoTests.swift; sourceTree = "<group>"; };
		B23F962C2A4DC80400394187 /* Simple TodoUITests.xctest */ = {isa = PBXFileReference; explicitFileType = wrapper.cfbundle; includeInIndex = 0; path = "Simple TodoUITests.xctest"; sourceTree = BUILT_PRODUCTS_DIR; };
		B23F96302A4DC80400394187 /* Simple_TodoUITests.swift */ = {isa = PBXFileReference; lastKnownFileType = sourcecode.swift; path = Simple_TodoUITests.swift; sourceTree = "<group>"; };
		B23F96322A4DC80400394187 /* Simple_TodoUITestsLaunchTests.swift */ = {isa = PBXFileReference; lastKnownFileType = sourcecode.swift; path = Simple_TodoUITestsLaunchTests.swift; sourceTree = "<group>"; };
		B23F963F2A4DCA0300394187 /* MainMenuView.swift */ = {isa = PBXFileReference; lastKnownFileType = sourcecode.swift; path = MainMenuView.swift; sourceTree = "<group>"; };
		B23F96422A4DCEAB00394187 /* StatusMenuView.swift */ = {isa = PBXFileReference; lastKnownFileType = sourcecode.swift; path = StatusMenuView.swift; sourceTree = "<group>"; };
		B23F96442A4DD2AE00394187 /* NewTaskView.swift */ = {isa = PBXFileReference; lastKnownFileType = sourcecode.swift; path = NewTaskView.swift; sourceTree = "<group>"; };
		B23F96492A4DE50000394187 /* NewTaskButton.swift */ = {isa = PBXFileReference; lastKnownFileType = sourcecode.swift; path = NewTaskButton.swift; sourceTree = "<group>"; };
		B23F964B2A4DE8B400394187 /* TaskList.swift */ = {isa = PBXFileReference; lastKnownFileType = sourcecode.swift; path = TaskList.swift; sourceTree = "<group>"; };
		B23F964E2A4DE99100394187 /* TaskModel.swift */ = {isa = PBXFileReference; lastKnownFileType = sourcecode.swift; path = TaskModel.swift; sourceTree = "<group>"; };
		B24FBD912A534A8400D4D4E5 /* IssueTrackerButton.swift */ = {isa = PBXFileReference; lastKnownFileType = sourcecode.swift; path = IssueTrackerButton.swift; sourceTree = "<group>"; };
		B24FBD932A534C5D00D4D4E5 /* IssueTrackerListView.swift */ = {isa = PBXFileReference; lastKnownFileType = sourcecode.swift; path = IssueTrackerListView.swift; sourceTree = "<group>"; };
		B28E5C7D2A4FE6C600456FBC /* BackgroundTaskController.swift */ = {isa = PBXFileReference; lastKnownFileType = sourcecode.swift; path = BackgroundTaskController.swift; sourceTree = "<group>"; };
		B28E5C7F2A4FF4C600456FBC /* DeleteAllDoneButton.swift */ = {isa = PBXFileReference; lastKnownFileType = sourcecode.swift; path = DeleteAllDoneButton.swift; sourceTree = "<group>"; };
		B29724042A595BEC00401655 /* CommentEditorView.swift */ = {isa = PBXFileReference; lastKnownFileType = sourcecode.swift; path = CommentEditorView.swift; sourceTree = "<group>"; };
		B29724062A59664600401655 /* CommentBody.swift */ = {isa = PBXFileReference; lastKnownFileType = sourcecode.swift; path = CommentBody.swift; sourceTree = "<group>"; };
		B2A004DA2A53282A00A2A690 /* PreferenceKeys.swift */ = {isa = PBXFileReference; lastKnownFileType = sourcecode.swift; path = PreferenceKeys.swift; sourceTree = "<group>"; };
		B2B8244F2A58B5DF0096F943 /* IssueCommentView.swift */ = {isa = PBXFileReference; fileEncoding = 4; lastKnownFileType = sourcecode.swift; path = IssueCommentView.swift; sourceTree = "<group>"; };
		B2B824512A58B6110096F943 /* AccountDetail.swift */ = {isa = PBXFileReference; fileEncoding = 4; lastKnownFileType = sourcecode.swift; path = AccountDetail.swift; sourceTree = "<group>"; };
		B2BD6E012A62F2C40082CE73 /* AboutView.swift */ = {isa = PBXFileReference; lastKnownFileType = sourcecode.swift; path = AboutView.swift; sourceTree = "<group>"; };
		B2BD6E032A62F4E90082CE73 /* Bundle+extension.swift */ = {isa = PBXFileReference; lastKnownFileType = sourcecode.swift; path = "Bundle+extension.swift"; sourceTree = "<group>"; };
		B2C389772A5A8AD50096C79F /* MySelf.swift */ = {isa = PBXFileReference; lastKnownFileType = sourcecode.swift; path = MySelf.swift; sourceTree = "<group>"; };
/* End PBXFileReference section */

/* Begin PBXFrameworksBuildPhase section */
		B23F960B2A4DC80300394187 /* Frameworks */ = {
			isa = PBXFrameworksBuildPhase;
			buildActionMask = 2147483647;
			files = (
				B222F4422A509DA100EFDB87 /* MarkdownUI in Frameworks */,
			);
			runOnlyForDeploymentPostprocessing = 0;
		};
		B23F961F2A4DC80400394187 /* Frameworks */ = {
			isa = PBXFrameworksBuildPhase;
			buildActionMask = 2147483647;
			files = (
			);
			runOnlyForDeploymentPostprocessing = 0;
		};
		B23F96292A4DC80400394187 /* Frameworks */ = {
			isa = PBXFrameworksBuildPhase;
			buildActionMask = 2147483647;
			files = (
			);
			runOnlyForDeploymentPostprocessing = 0;
		};
/* End PBXFrameworksBuildPhase section */

/* Begin PBXGroup section */
		58E25C3E2A50482300CAA3C4 /* Utils */ = {
			isa = PBXGroup;
			children = (
				58E25C3F2A50484100CAA3C4 /* CodableUtil.swift */,
				58E25C432A5056AE00CAA3C4 /* String+extension.swift */,
				B23B3B522A51EA2200CEF418 /* Color+extension.swift */,
				B2BD6E032A62F4E90082CE73 /* Bundle+extension.swift */,
			);
			path = Utils;
			sourceTree = "<group>";
		};
		B20A6D712A4DF5D500DCC582 /* Controllers */ = {
			isa = PBXGroup;
			children = (
				B20A6D722A4DF5EA00DCC582 /* UserDefaultsController.swift */,
				B22B4A1B2A4E9269002F205D /* MyNavigationController.swift */,
				B22B4A202A4EBD2B002F205D /* NotificationController.swift */,
				B28E5C7D2A4FE6C600456FBC /* BackgroundTaskController.swift */,
				58E25C3A2A50474C00CAA3C4 /* PreferenceController.swift */,
				58C19EA42A506751004C36FE /* JiraController.swift */,
			);
			path = Controllers;
			sourceTree = "<group>";
		};
		B20A6D782A4E135700DCC582 /* TaskViews */ = {
			isa = PBXGroup;
			children = (
				B2B8244F2A58B5DF0096F943 /* IssueCommentView.swift */,
				B23F96442A4DD2AE00394187 /* NewTaskView.swift */,
				B20A6D762A4E12E400DCC582 /* TaskDetailView.swift */,
				B24FBD932A534C5D00D4D4E5 /* IssueTrackerListView.swift */,
				B29724042A595BEC00401655 /* CommentEditorView.swift */,
			);
			path = TaskViews;
			sourceTree = "<group>";
		};
		B22B4A1D2A4EB5FC002F205D /* Components */ = {
			isa = PBXGroup;
			children = (
				B22B4A1E2A4EB60E002F205D /* MyNavigationBar.swift */,
				58E25C342A50186C00CAA3C4 /* MyMenuButton.swift */,
				B23B3B502A51E7A500CEF418 /* MyToast.swift */,
			);
			path = Components;
			sourceTree = "<group>";
		};
		B23F96052A4DC80300394187 = {
			isa = PBXGroup;
			children = (
				B23F96102A4DC80300394187 /* Simple Todo */,
				B23F96252A4DC80400394187 /* Simple TodoTests */,
				B23F962F2A4DC80400394187 /* Simple TodoUITests */,
				B23F960F2A4DC80300394187 /* Products */,
			);
			sourceTree = "<group>";
		};
		B23F960F2A4DC80300394187 /* Products */ = {
			isa = PBXGroup;
			children = (
				B23F960E2A4DC80300394187 /* Simple Todo Bar.app */,
				B23F96222A4DC80400394187 /* Simple TodoTests.xctest */,
				B23F962C2A4DC80400394187 /* Simple TodoUITests.xctest */,
			);
			name = Products;
			sourceTree = "<group>";
		};
		B23F96102A4DC80300394187 /* Simple Todo */ = {
			isa = PBXGroup;
			children = (
				58E25C3E2A50482300CAA3C4 /* Utils */,
				B20A6D712A4DF5D500DCC582 /* Controllers */,
				B23F964D2A4DE98200394187 /* Models */,
				B23F96412A4DCA0700394187 /* Views */,
				B22B4A242A4F16AE002F205D /* AppDelegate.swift */,
				B23B3B4E2A51E72900CEF418 /* Constants.swift */,
				B23F96112A4DC80300394187 /* Simple_TodoApp.swift */,
				B2A004DA2A53282A00A2A690 /* PreferenceKeys.swift */,
				B23F96172A4DC80400394187 /* Assets.xcassets */,
				B23F961C2A4DC80400394187 /* Info.plist */,
				B23F961D2A4DC80400394187 /* Simple_Todo.entitlements */,
				B23F96192A4DC80400394187 /* Preview Content */,
			);
			path = "Simple Todo";
			sourceTree = "<group>";
		};
		B23F96192A4DC80400394187 /* Preview Content */ = {
			isa = PBXGroup;
			children = (
				B23F961A2A4DC80400394187 /* Preview Assets.xcassets */,
			);
			path = "Preview Content";
			sourceTree = "<group>";
		};
		B23F96252A4DC80400394187 /* Simple TodoTests */ = {
			isa = PBXGroup;
			children = (
				B23F96262A4DC80400394187 /* Simple_TodoTests.swift */,
			);
			path = "Simple TodoTests";
			sourceTree = "<group>";
		};
		B23F962F2A4DC80400394187 /* Simple TodoUITests */ = {
			isa = PBXGroup;
			children = (
				B23F96302A4DC80400394187 /* Simple_TodoUITests.swift */,
				B23F96322A4DC80400394187 /* Simple_TodoUITestsLaunchTests.swift */,
			);
			path = "Simple TodoUITests";
			sourceTree = "<group>";
		};
		B23F96412A4DCA0700394187 /* Views */ = {
			isa = PBXGroup;
			children = (
				B22B4A1D2A4EB5FC002F205D /* Components */,
				B20A6D782A4E135700DCC582 /* TaskViews */,
				B23F96482A4DE4E900394187 /* MenuButtons */,
				B23F963F2A4DCA0300394187 /* MainMenuView.swift */,
				B23F96422A4DCEAB00394187 /* StatusMenuView.swift */,
				58E25C382A501BFD00CAA3C4 /* PreferenceView.swift */,
				58E25C412A504E3C00CAA3C4 /* JiraAuthenticationView.swift */,
				B2BD6E012A62F2C40082CE73 /* AboutView.swift */,
			);
			path = Views;
			sourceTree = "<group>";
		};
		B23F96482A4DE4E900394187 /* MenuButtons */ = {
			isa = PBXGroup;
			children = (
				B23F96492A4DE50000394187 /* NewTaskButton.swift */,
				B23F964B2A4DE8B400394187 /* TaskList.swift */,
				B20A6D742A4E0F6D00DCC582 /* TaskItem.swift */,
				B22B4A192A4E1CDC002F205D /* ClearButton.swift */,
				B22B4A262A4F2858002F205D /* QuitButton.swift */,
				B28E5C7F2A4FF4C600456FBC /* DeleteAllDoneButton.swift */,
				58E25C362A501BC900CAA3C4 /* PreferenceButton.swift */,
				B24FBD912A534A8400D4D4E5 /* IssueTrackerButton.swift */,
			);
			path = MenuButtons;
			sourceTree = "<group>";
		};
		B23F964D2A4DE98200394187 /* Models */ = {
			isa = PBXGroup;
			children = (
				B23F964E2A4DE99100394187 /* TaskModel.swift */,
				58E25C3C2A50478100CAA3C4 /* UserPreference.swift */,
				58C19EA62A506868004C36FE /* JiraCardDetail.swift */,
				B222F4432A50A58200EFDB87 /* JiraTransition.swift */,
				B23622672A5441CB005ECEC7 /* TaskComment.swift */,
				B2B824512A58B6110096F943 /* AccountDetail.swift */,
				B29724062A59664600401655 /* CommentBody.swift */,
				B2C389772A5A8AD50096C79F /* MySelf.swift */,
			);
			path = Models;
			sourceTree = "<group>";
		};
/* End PBXGroup section */

/* Begin PBXNativeTarget section */
		B23F960D2A4DC80300394187 /* Simple Todo */ = {
			isa = PBXNativeTarget;
			buildConfigurationList = B23F96362A4DC80400394187 /* Build configuration list for PBXNativeTarget "Simple Todo" */;
			buildPhases = (
				B23F960A2A4DC80300394187 /* Sources */,
				B23F960B2A4DC80300394187 /* Frameworks */,
				B23F960C2A4DC80300394187 /* Resources */,
				B23622792A544C1C005ECEC7 /* Embed ExtensionKit Extensions */,
			);
			buildRules = (
			);
			dependencies = (
			);
			name = "Simple Todo";
			packageProductDependencies = (
				B222F4412A509DA100EFDB87 /* MarkdownUI */,
			);
			productName = "Simple Todo";
			productReference = B23F960E2A4DC80300394187 /* Simple Todo Bar.app */;
			productType = "com.apple.product-type.application";
		};
		B23F96212A4DC80400394187 /* Simple TodoTests */ = {
			isa = PBXNativeTarget;
			buildConfigurationList = B23F96392A4DC80400394187 /* Build configuration list for PBXNativeTarget "Simple TodoTests" */;
			buildPhases = (
				B23F961E2A4DC80400394187 /* Sources */,
				B23F961F2A4DC80400394187 /* Frameworks */,
				B23F96202A4DC80400394187 /* Resources */,
			);
			buildRules = (
			);
			dependencies = (
				B23F96242A4DC80400394187 /* PBXTargetDependency */,
			);
			name = "Simple TodoTests";
			productName = "Simple TodoTests";
			productReference = B23F96222A4DC80400394187 /* Simple TodoTests.xctest */;
			productType = "com.apple.product-type.bundle.unit-test";
		};
		B23F962B2A4DC80400394187 /* Simple TodoUITests */ = {
			isa = PBXNativeTarget;
			buildConfigurationList = B23F963C2A4DC80400394187 /* Build configuration list for PBXNativeTarget "Simple TodoUITests" */;
			buildPhases = (
				B23F96282A4DC80400394187 /* Sources */,
				B23F96292A4DC80400394187 /* Frameworks */,
				B23F962A2A4DC80400394187 /* Resources */,
			);
			buildRules = (
			);
			dependencies = (
				B23F962E2A4DC80400394187 /* PBXTargetDependency */,
			);
			name = "Simple TodoUITests";
			productName = "Simple TodoUITests";
			productReference = B23F962C2A4DC80400394187 /* Simple TodoUITests.xctest */;
			productType = "com.apple.product-type.bundle.ui-testing";
		};
/* End PBXNativeTarget section */

/* Begin PBXProject section */
		B23F96062A4DC80300394187 /* Project object */ = {
			isa = PBXProject;
			attributes = {
				BuildIndependentTargetsInParallel = 1;
				LastSwiftUpdateCheck = 1430;
				LastUpgradeCheck = 1430;
				TargetAttributes = {
					B23F960D2A4DC80300394187 = {
						CreatedOnToolsVersion = 14.3.1;
					};
					B23F96212A4DC80400394187 = {
						CreatedOnToolsVersion = 14.3.1;
						TestTargetID = B23F960D2A4DC80300394187;
					};
					B23F962B2A4DC80400394187 = {
						CreatedOnToolsVersion = 14.3.1;
						TestTargetID = B23F960D2A4DC80300394187;
					};
				};
			};
			buildConfigurationList = B23F96092A4DC80300394187 /* Build configuration list for PBXProject "Simple Todo" */;
			compatibilityVersion = "Xcode 14.0";
			developmentRegion = en;
			hasScannedForEncodings = 0;
			knownRegions = (
				en,
				Base,
			);
			mainGroup = B23F96052A4DC80300394187;
			packageReferences = (
				B222F4402A509DA100EFDB87 /* XCRemoteSwiftPackageReference "swift-markdown-ui" */,
			);
			productRefGroup = B23F960F2A4DC80300394187 /* Products */;
			projectDirPath = "";
			projectRoot = "";
			targets = (
				B23F960D2A4DC80300394187 /* Simple Todo */,
				B23F96212A4DC80400394187 /* Simple TodoTests */,
				B23F962B2A4DC80400394187 /* Simple TodoUITests */,
			);
		};
/* End PBXProject section */

/* Begin PBXResourcesBuildPhase section */
		B23F960C2A4DC80300394187 /* Resources */ = {
			isa = PBXResourcesBuildPhase;
			buildActionMask = 2147483647;
			files = (
				B23F961B2A4DC80400394187 /* Preview Assets.xcassets in Resources */,
				B23F96182A4DC80400394187 /* Assets.xcassets in Resources */,
			);
			runOnlyForDeploymentPostprocessing = 0;
		};
		B23F96202A4DC80400394187 /* Resources */ = {
			isa = PBXResourcesBuildPhase;
			buildActionMask = 2147483647;
			files = (
			);
			runOnlyForDeploymentPostprocessing = 0;
		};
		B23F962A2A4DC80400394187 /* Resources */ = {
			isa = PBXResourcesBuildPhase;
			buildActionMask = 2147483647;
			files = (
			);
			runOnlyForDeploymentPostprocessing = 0;
		};
/* End PBXResourcesBuildPhase section */

/* Begin PBXSourcesBuildPhase section */
		B23F960A2A4DC80300394187 /* Sources */ = {
			isa = PBXSourcesBuildPhase;
			buildActionMask = 2147483647;
			files = (
				B23F964C2A4DE8B400394187 /* TaskList.swift in Sources */,
				B23F96452A4DD2AE00394187 /* NewTaskView.swift in Sources */,
				58C19EA72A506868004C36FE /* JiraCardDetail.swift in Sources */,
				B2B824502A58B5DF0096F943 /* IssueCommentView.swift in Sources */,
				B20A6D732A4DF5EA00DCC582 /* UserDefaultsController.swift in Sources */,
				B22B4A252A4F16AE002F205D /* AppDelegate.swift in Sources */,
				B23B3B4F2A51E72900CEF418 /* Constants.swift in Sources */,
				B28E5C802A4FF4C600456FBC /* DeleteAllDoneButton.swift in Sources */,
				B23F964A2A4DE50000394187 /* NewTaskButton.swift in Sources */,
				B222F4442A50A58200EFDB87 /* JiraTransition.swift in Sources */,
				B20A6D772A4E12E400DCC582 /* TaskDetailView.swift in Sources */,
				B20A6D752A4E0F6D00DCC582 /* TaskItem.swift in Sources */,
				B29724052A595BEC00401655 /* CommentEditorView.swift in Sources */,
				58E25C372A501BC900CAA3C4 /* PreferenceButton.swift in Sources */,
				B2BD6E042A62F4E90082CE73 /* Bundle+extension.swift in Sources */,
				58E25C402A50484100CAA3C4 /* CodableUtil.swift in Sources */,
				B22B4A1A2A4E1CDC002F205D /* ClearButton.swift in Sources */,
				58C19EA52A506751004C36FE /* JiraController.swift in Sources */,
				B23F96402A4DCA0300394187 /* MainMenuView.swift in Sources */,
				58E25C442A5056AE00CAA3C4 /* String+extension.swift in Sources */,
				58E25C422A504E3C00CAA3C4 /* JiraAuthenticationView.swift in Sources */,
				B22B4A1F2A4EB60E002F205D /* MyNavigationBar.swift in Sources */,
				B29724072A59664600401655 /* CommentBody.swift in Sources */,
				B2BD6E022A62F2C40082CE73 /* AboutView.swift in Sources */,
				B22B4A272A4F2858002F205D /* QuitButton.swift in Sources */,
				58E25C352A50186C00CAA3C4 /* MyMenuButton.swift in Sources */,
				58E25C3B2A50474C00CAA3C4 /* PreferenceController.swift in Sources */,
				B2C389782A5A8AD50096C79F /* MySelf.swift in Sources */,
				B2A004DB2A53282A00A2A690 /* PreferenceKeys.swift in Sources */,
				B2B824522A58B6110096F943 /* AccountDetail.swift in Sources */,
				58E25C3D2A50478100CAA3C4 /* UserPreference.swift in Sources */,
				B23B3B532A51EA2200CEF418 /* Color+extension.swift in Sources */,
				B23F96122A4DC80300394187 /* Simple_TodoApp.swift in Sources */,
				B24FBD942A534C5D00D4D4E5 /* IssueTrackerListView.swift in Sources */,
				B24FBD922A534A8400D4D4E5 /* IssueTrackerButton.swift in Sources */,
				B22B4A212A4EBD2B002F205D /* NotificationController.swift in Sources */,
				B22B4A1C2A4E9269002F205D /* MyNavigationController.swift in Sources */,
				B23622682A5441CB005ECEC7 /* TaskComment.swift in Sources */,
				B28E5C7E2A4FE6C600456FBC /* BackgroundTaskController.swift in Sources */,
				B23F96432A4DCEAB00394187 /* StatusMenuView.swift in Sources */,
				B23B3B512A51E7A500CEF418 /* MyToast.swift in Sources */,
				B23F964F2A4DE99100394187 /* TaskModel.swift in Sources */,
				58E25C392A501BFD00CAA3C4 /* PreferenceView.swift in Sources */,
			);
			runOnlyForDeploymentPostprocessing = 0;
		};
		B23F961E2A4DC80400394187 /* Sources */ = {
			isa = PBXSourcesBuildPhase;
			buildActionMask = 2147483647;
			files = (
				B23F96272A4DC80400394187 /* Simple_TodoTests.swift in Sources */,
			);
			runOnlyForDeploymentPostprocessing = 0;
		};
		B23F96282A4DC80400394187 /* Sources */ = {
			isa = PBXSourcesBuildPhase;
			buildActionMask = 2147483647;
			files = (
				B23F96332A4DC80400394187 /* Simple_TodoUITestsLaunchTests.swift in Sources */,
				B23F96312A4DC80400394187 /* Simple_TodoUITests.swift in Sources */,
			);
			runOnlyForDeploymentPostprocessing = 0;
		};
/* End PBXSourcesBuildPhase section */

/* Begin PBXTargetDependency section */
		B23F96242A4DC80400394187 /* PBXTargetDependency */ = {
			isa = PBXTargetDependency;
			target = B23F960D2A4DC80300394187 /* Simple Todo */;
			targetProxy = B23F96232A4DC80400394187 /* PBXContainerItemProxy */;
		};
		B23F962E2A4DC80400394187 /* PBXTargetDependency */ = {
			isa = PBXTargetDependency;
			target = B23F960D2A4DC80300394187 /* Simple Todo */;
			targetProxy = B23F962D2A4DC80400394187 /* PBXContainerItemProxy */;
		};
/* End PBXTargetDependency section */

/* Begin XCBuildConfiguration section */
		B23F96342A4DC80400394187 /* Debug */ = {
			isa = XCBuildConfiguration;
			buildSettings = {
				ALWAYS_SEARCH_USER_PATHS = NO;
				CLANG_ANALYZER_NONNULL = YES;
				CLANG_ANALYZER_NUMBER_OBJECT_CONVERSION = YES_AGGRESSIVE;
				CLANG_CXX_LANGUAGE_STANDARD = "gnu++20";
				CLANG_ENABLE_MODULES = YES;
				CLANG_ENABLE_OBJC_ARC = YES;
				CLANG_ENABLE_OBJC_WEAK = YES;
				CLANG_WARN_BLOCK_CAPTURE_AUTORELEASING = YES;
				CLANG_WARN_BOOL_CONVERSION = YES;
				CLANG_WARN_COMMA = YES;
				CLANG_WARN_CONSTANT_CONVERSION = YES;
				CLANG_WARN_DEPRECATED_OBJC_IMPLEMENTATIONS = YES;
				CLANG_WARN_DIRECT_OBJC_ISA_USAGE = YES_ERROR;
				CLANG_WARN_DOCUMENTATION_COMMENTS = YES;
				CLANG_WARN_EMPTY_BODY = YES;
				CLANG_WARN_ENUM_CONVERSION = YES;
				CLANG_WARN_INFINITE_RECURSION = YES;
				CLANG_WARN_INT_CONVERSION = YES;
				CLANG_WARN_NON_LITERAL_NULL_CONVERSION = YES;
				CLANG_WARN_OBJC_IMPLICIT_RETAIN_SELF = YES;
				CLANG_WARN_OBJC_LITERAL_CONVERSION = YES;
				CLANG_WARN_OBJC_ROOT_CLASS = YES_ERROR;
				CLANG_WARN_QUOTED_INCLUDE_IN_FRAMEWORK_HEADER = YES;
				CLANG_WARN_RANGE_LOOP_ANALYSIS = YES;
				CLANG_WARN_STRICT_PROTOTYPES = YES;
				CLANG_WARN_SUSPICIOUS_MOVE = YES;
				CLANG_WARN_UNGUARDED_AVAILABILITY = YES_AGGRESSIVE;
				CLANG_WARN_UNREACHABLE_CODE = YES;
				CLANG_WARN__DUPLICATE_METHOD_MATCH = YES;
				COPY_PHASE_STRIP = NO;
				DEBUG_INFORMATION_FORMAT = dwarf;
				ENABLE_STRICT_OBJC_MSGSEND = YES;
				ENABLE_TESTABILITY = YES;
				GCC_C_LANGUAGE_STANDARD = gnu11;
				GCC_DYNAMIC_NO_PIC = NO;
				GCC_NO_COMMON_BLOCKS = YES;
				GCC_OPTIMIZATION_LEVEL = 0;
				GCC_PREPROCESSOR_DEFINITIONS = (
					"DEBUG=1",
					"$(inherited)",
				);
				GCC_WARN_64_TO_32_BIT_CONVERSION = YES;
				GCC_WARN_ABOUT_RETURN_TYPE = YES_ERROR;
				GCC_WARN_UNDECLARED_SELECTOR = YES;
				GCC_WARN_UNINITIALIZED_AUTOS = YES_AGGRESSIVE;
				GCC_WARN_UNUSED_FUNCTION = YES;
				GCC_WARN_UNUSED_VARIABLE = YES;
				MACOSX_DEPLOYMENT_TARGET = 13.3;
				MTL_ENABLE_DEBUG_INFO = INCLUDE_SOURCE;
				MTL_FAST_MATH = YES;
				ONLY_ACTIVE_ARCH = YES;
				SDKROOT = macosx;
				SWIFT_ACTIVE_COMPILATION_CONDITIONS = DEBUG;
				SWIFT_OPTIMIZATION_LEVEL = "-Onone";
			};
			name = Debug;
		};
		B23F96352A4DC80400394187 /* Release */ = {
			isa = XCBuildConfiguration;
			buildSettings = {
				ALWAYS_SEARCH_USER_PATHS = NO;
				CLANG_ANALYZER_NONNULL = YES;
				CLANG_ANALYZER_NUMBER_OBJECT_CONVERSION = YES_AGGRESSIVE;
				CLANG_CXX_LANGUAGE_STANDARD = "gnu++20";
				CLANG_ENABLE_MODULES = YES;
				CLANG_ENABLE_OBJC_ARC = YES;
				CLANG_ENABLE_OBJC_WEAK = YES;
				CLANG_WARN_BLOCK_CAPTURE_AUTORELEASING = YES;
				CLANG_WARN_BOOL_CONVERSION = YES;
				CLANG_WARN_COMMA = YES;
				CLANG_WARN_CONSTANT_CONVERSION = YES;
				CLANG_WARN_DEPRECATED_OBJC_IMPLEMENTATIONS = YES;
				CLANG_WARN_DIRECT_OBJC_ISA_USAGE = YES_ERROR;
				CLANG_WARN_DOCUMENTATION_COMMENTS = YES;
				CLANG_WARN_EMPTY_BODY = YES;
				CLANG_WARN_ENUM_CONVERSION = YES;
				CLANG_WARN_INFINITE_RECURSION = YES;
				CLANG_WARN_INT_CONVERSION = YES;
				CLANG_WARN_NON_LITERAL_NULL_CONVERSION = YES;
				CLANG_WARN_OBJC_IMPLICIT_RETAIN_SELF = YES;
				CLANG_WARN_OBJC_LITERAL_CONVERSION = YES;
				CLANG_WARN_OBJC_ROOT_CLASS = YES_ERROR;
				CLANG_WARN_QUOTED_INCLUDE_IN_FRAMEWORK_HEADER = YES;
				CLANG_WARN_RANGE_LOOP_ANALYSIS = YES;
				CLANG_WARN_STRICT_PROTOTYPES = YES;
				CLANG_WARN_SUSPICIOUS_MOVE = YES;
				CLANG_WARN_UNGUARDED_AVAILABILITY = YES_AGGRESSIVE;
				CLANG_WARN_UNREACHABLE_CODE = YES;
				CLANG_WARN__DUPLICATE_METHOD_MATCH = YES;
				COPY_PHASE_STRIP = NO;
				DEBUG_INFORMATION_FORMAT = "dwarf-with-dsym";
				ENABLE_NS_ASSERTIONS = NO;
				ENABLE_STRICT_OBJC_MSGSEND = YES;
				GCC_C_LANGUAGE_STANDARD = gnu11;
				GCC_NO_COMMON_BLOCKS = YES;
				GCC_WARN_64_TO_32_BIT_CONVERSION = YES;
				GCC_WARN_ABOUT_RETURN_TYPE = YES_ERROR;
				GCC_WARN_UNDECLARED_SELECTOR = YES;
				GCC_WARN_UNINITIALIZED_AUTOS = YES_AGGRESSIVE;
				GCC_WARN_UNUSED_FUNCTION = YES;
				GCC_WARN_UNUSED_VARIABLE = YES;
				MACOSX_DEPLOYMENT_TARGET = 13.3;
				MTL_ENABLE_DEBUG_INFO = NO;
				MTL_FAST_MATH = YES;
				SDKROOT = macosx;
				SWIFT_COMPILATION_MODE = wholemodule;
				SWIFT_OPTIMIZATION_LEVEL = "-O";
			};
			name = Release;
		};
		B23F96372A4DC80400394187 /* Debug */ = {
			isa = XCBuildConfiguration;
			buildSettings = {
				ALWAYS_EMBED_SWIFT_STANDARD_LIBRARIES = YES;
				ASSETCATALOG_COMPILER_APPICON_NAME = AppIcon;
				ASSETCATALOG_COMPILER_GLOBAL_ACCENT_COLOR_NAME = AccentColor;
				CODE_SIGN_ENTITLEMENTS = "Simple Todo/Simple_Todo.entitlements";
				CODE_SIGN_STYLE = Automatic;
				COMBINE_HIDPI_IMAGES = YES;
				CURRENT_PROJECT_VERSION = 2;
				DEVELOPMENT_ASSET_PATHS = "\"Simple Todo/Preview Content\"";
				DEVELOPMENT_TEAM = K4S6P4RB2W;
				ENABLE_HARDENED_RUNTIME = YES;
				ENABLE_PREVIEWS = YES;
				GENERATE_INFOPLIST_FILE = YES;
				INFOPLIST_FILE = "Simple Todo/Info.plist";
				INFOPLIST_KEY_CFBundleDisplayName = "Simple TODO";
				INFOPLIST_KEY_LSApplicationCategoryType = "public.app-category.utilities";
				INFOPLIST_KEY_NSHumanReadableCopyright = "";
				LD_RUNPATH_SEARCH_PATHS = (
					"$(inherited)",
					"@executable_path/../Frameworks",
				);
				MARKETING_VERSION = 0.0.1;
				PRODUCT_BUNDLE_IDENTIFIER = "id.subkhansarif.Simple-Todo";
				PRODUCT_NAME = "Simple Todo Bar";
				SWIFT_EMIT_LOC_STRINGS = YES;
				SWIFT_VERSION = 5.0;
			};
			name = Debug;
		};
		B23F96382A4DC80400394187 /* Release */ = {
			isa = XCBuildConfiguration;
			buildSettings = {
				ALWAYS_EMBED_SWIFT_STANDARD_LIBRARIES = YES;
				ASSETCATALOG_COMPILER_APPICON_NAME = AppIcon;
				ASSETCATALOG_COMPILER_GLOBAL_ACCENT_COLOR_NAME = AccentColor;
				CODE_SIGN_ENTITLEMENTS = "Simple Todo/Simple_Todo.entitlements";
				CODE_SIGN_STYLE = Automatic;
				COMBINE_HIDPI_IMAGES = YES;
				CURRENT_PROJECT_VERSION = 2;
				DEVELOPMENT_ASSET_PATHS = "\"Simple Todo/Preview Content\"";
				DEVELOPMENT_TEAM = K4S6P4RB2W;
				ENABLE_HARDENED_RUNTIME = YES;
				ENABLE_PREVIEWS = YES;
				GENERATE_INFOPLIST_FILE = YES;
				INFOPLIST_FILE = "Simple Todo/Info.plist";
				INFOPLIST_KEY_CFBundleDisplayName = "Simple TODO";
				INFOPLIST_KEY_LSApplicationCategoryType = "public.app-category.utilities";
				INFOPLIST_KEY_NSHumanReadableCopyright = "";
				LD_RUNPATH_SEARCH_PATHS = (
					"$(inherited)",
					"@executable_path/../Frameworks",
				);
				MARKETING_VERSION = 0.0.1;
				PRODUCT_BUNDLE_IDENTIFIER = "id.subkhansarif.Simple-Todo";
				PRODUCT_NAME = "Simple Todo Bar";
				SWIFT_EMIT_LOC_STRINGS = YES;
				SWIFT_VERSION = 5.0;
			};
			name = Release;
		};
		B23F963A2A4DC80400394187 /* Debug */ = {
			isa = XCBuildConfiguration;
			buildSettings = {
				ALWAYS_EMBED_SWIFT_STANDARD_LIBRARIES = YES;
				BUNDLE_LOADER = "$(TEST_HOST)";
				CODE_SIGN_STYLE = Automatic;
				CURRENT_PROJECT_VERSION = 1;
				DEVELOPMENT_TEAM = K4S6P4RB2W;
				GENERATE_INFOPLIST_FILE = YES;
				MACOSX_DEPLOYMENT_TARGET = 13.3;
				MARKETING_VERSION = 1.0;
				PRODUCT_BUNDLE_IDENTIFIER = "id.subkhansarif.Simple-TodoTests";
				PRODUCT_NAME = "$(TARGET_NAME)";
				SWIFT_EMIT_LOC_STRINGS = NO;
				SWIFT_VERSION = 5.0;
				TEST_HOST = "$(BUILT_PRODUCTS_DIR)/Simple Todo.app/$(BUNDLE_EXECUTABLE_FOLDER_PATH)/Simple Todo";
			};
			name = Debug;
		};
		B23F963B2A4DC80400394187 /* Release */ = {
			isa = XCBuildConfiguration;
			buildSettings = {
				ALWAYS_EMBED_SWIFT_STANDARD_LIBRARIES = YES;
				BUNDLE_LOADER = "$(TEST_HOST)";
				CODE_SIGN_STYLE = Automatic;
				CURRENT_PROJECT_VERSION = 1;
				DEVELOPMENT_TEAM = K4S6P4RB2W;
				GENERATE_INFOPLIST_FILE = YES;
				MACOSX_DEPLOYMENT_TARGET = 13.3;
				MARKETING_VERSION = 1.0;
				PRODUCT_BUNDLE_IDENTIFIER = "id.subkhansarif.Simple-TodoTests";
				PRODUCT_NAME = "$(TARGET_NAME)";
				SWIFT_EMIT_LOC_STRINGS = NO;
				SWIFT_VERSION = 5.0;
				TEST_HOST = "$(BUILT_PRODUCTS_DIR)/Simple Todo.app/$(BUNDLE_EXECUTABLE_FOLDER_PATH)/Simple Todo";
			};
			name = Release;
		};
		B23F963D2A4DC80400394187 /* Debug */ = {
			isa = XCBuildConfiguration;
			buildSettings = {
				ALWAYS_EMBED_SWIFT_STANDARD_LIBRARIES = YES;
				CODE_SIGN_STYLE = Automatic;
				CURRENT_PROJECT_VERSION = 1;
				DEVELOPMENT_TEAM = K4S6P4RB2W;
				GENERATE_INFOPLIST_FILE = YES;
				MARKETING_VERSION = 1.0;
				PRODUCT_BUNDLE_IDENTIFIER = "id.subkhansarif.Simple-TodoUITests";
				PRODUCT_NAME = "$(TARGET_NAME)";
				SWIFT_EMIT_LOC_STRINGS = NO;
				SWIFT_VERSION = 5.0;
				TEST_TARGET_NAME = "Simple Todo";
			};
			name = Debug;
		};
		B23F963E2A4DC80400394187 /* Release */ = {
			isa = XCBuildConfiguration;
			buildSettings = {
				ALWAYS_EMBED_SWIFT_STANDARD_LIBRARIES = YES;
				CODE_SIGN_STYLE = Automatic;
				CURRENT_PROJECT_VERSION = 1;
				DEVELOPMENT_TEAM = K4S6P4RB2W;
				GENERATE_INFOPLIST_FILE = YES;
				MARKETING_VERSION = 1.0;
				PRODUCT_BUNDLE_IDENTIFIER = "id.subkhansarif.Simple-TodoUITests";
				PRODUCT_NAME = "$(TARGET_NAME)";
				SWIFT_EMIT_LOC_STRINGS = NO;
				SWIFT_VERSION = 5.0;
				TEST_TARGET_NAME = "Simple Todo";
			};
			name = Release;
		};
/* End XCBuildConfiguration section */

/* Begin XCConfigurationList section */
		B23F96092A4DC80300394187 /* Build configuration list for PBXProject "Simple Todo" */ = {
			isa = XCConfigurationList;
			buildConfigurations = (
				B23F96342A4DC80400394187 /* Debug */,
				B23F96352A4DC80400394187 /* Release */,
			);
			defaultConfigurationIsVisible = 0;
			defaultConfigurationName = Release;
		};
		B23F96362A4DC80400394187 /* Build configuration list for PBXNativeTarget "Simple Todo" */ = {
			isa = XCConfigurationList;
			buildConfigurations = (
				B23F96372A4DC80400394187 /* Debug */,
				B23F96382A4DC80400394187 /* Release */,
			);
			defaultConfigurationIsVisible = 0;
			defaultConfigurationName = Release;
		};
		B23F96392A4DC80400394187 /* Build configuration list for PBXNativeTarget "Simple TodoTests" */ = {
			isa = XCConfigurationList;
			buildConfigurations = (
				B23F963A2A4DC80400394187 /* Debug */,
				B23F963B2A4DC80400394187 /* Release */,
			);
			defaultConfigurationIsVisible = 0;
			defaultConfigurationName = Release;
		};
		B23F963C2A4DC80400394187 /* Build configuration list for PBXNativeTarget "Simple TodoUITests" */ = {
			isa = XCConfigurationList;
			buildConfigurations = (
				B23F963D2A4DC80400394187 /* Debug */,
				B23F963E2A4DC80400394187 /* Release */,
			);
			defaultConfigurationIsVisible = 0;
			defaultConfigurationName = Release;
		};
/* End XCConfigurationList section */

/* Begin XCRemoteSwiftPackageReference section */
		B222F4402A509DA100EFDB87 /* XCRemoteSwiftPackageReference "swift-markdown-ui" */ = {
			isa = XCRemoteSwiftPackageReference;
			repositoryURL = "https://github.com/gonzalezreal/swift-markdown-ui";
			requirement = {
				kind = upToNextMajorVersion;
				minimumVersion = 2.0.0;
			};
		};
/* End XCRemoteSwiftPackageReference section */

/* Begin XCSwiftPackageProductDependency section */
		B222F4412A509DA100EFDB87 /* MarkdownUI */ = {
			isa = XCSwiftPackageProductDependency;
			package = B222F4402A509DA100EFDB87 /* XCRemoteSwiftPackageReference "swift-markdown-ui" */;
			productName = MarkdownUI;
		};
/* End XCSwiftPackageProductDependency section */
	};
	rootObject = B23F96062A4DC80300394187 /* Project object */;
}
